
Microsoft Visual Studio Solution File, Format Version 12.00
# Visual Studio Version 16
VisualStudioVersion = 16.0.31402.337
MinimumVisualStudioVersion = 10.0.40219.1
Project("{FAE04EC0-301F-11D3-BF4B-00C04F79EFBC}") = "ControleBovideo", "ControleBovideo.csproj", "{BC84054B-7833-4516-BBC4-B49CF94E160F}"
EndProject
Global
	GlobalSection(SolutionConfigurationPlatforms) = preSolution
		Debug|Any CPU = Debug|Any CPU
		Release|Any CPU = Release|Any CPU
	EndGlobalSection
	GlobalSection(ProjectConfigurationPlatforms) = postSolution
		{BC84054B-7833-4516-BBC4-B49CF94E160F}.Debug|Any CPU.ActiveCfg = Debug|Any CPU
		{BC84054B-7833-4516-BBC4-B49CF94E160F}.Debug|Any CPU.Build.0 = Debug|Any CPU
		{BC84054B-7833-4516-BBC4-B49CF94E160F}.Release|Any CPU.ActiveCfg = Release|Any CPU
		{BC84054B-7833-4516-BBC4-B49CF94E160F}.Release|Any CPU.Build.0 = Release|Any CPU
	EndGlobalSection
	GlobalSection(SolutionProperties) = preSolution
		HideSolutionNode = FALSE
	EndGlobalSection
	GlobalSection(ExtensibilityGlobals) = postSolution
		SolutionGuid = {41D25A54-4A68-4BC1-82EA-9F796215450C}
	EndGlobalSection
EndGlobal
